
Microsoft Visual Studio Solution File, Format Version 12.00
# Visual Studio Version 16
VisualStudioVersion = 16.0.31005.135
MinimumVisualStudioVersion = 10.0.40219.1
Project("{FAE04EC0-301F-11D3-BF4B-00C04F79EFBC}") = "UserService", "UserService\UserService.csproj", "{20C3B0B1-7838-4C45-9927-0EBA3AA74587}"
EndProject
Project("{FAE04EC0-301F-11D3-BF4B-00C04F79EFBC}") = "ApiGateway", "ApiGateway\ApiGateway.csproj", "{8FB017B5-76F1-464F-8C1E-E284EFFE6066}"
EndProject
Global
	GlobalSection(SolutionConfigurationPlatforms) = preSolution
		Debug|Any CPU = Debug|Any CPU
		Release|Any CPU = Release|Any CPU
	EndGlobalSection
	GlobalSection(ProjectConfigurationPlatforms) = postSolution
		{20C3B0B1-7838-4C45-9927-0EBA3AA74587}.Debug|Any CPU.ActiveCfg = Debug|Any CPU
		{20C3B0B1-7838-4C45-9927-0EBA3AA74587}.Debug|Any CPU.Build.0 = Debug|Any CPU
		{20C3B0B1-7838-4C45-9927-0EBA3AA74587}.Release|Any CPU.ActiveCfg = Release|Any CPU
		{20C3B0B1-7838-4C45-9927-0EBA3AA74587}.Release|Any CPU.Build.0 = Release|Any CPU
		{8FB017B5-76F1-464F-8C1E-E284EFFE6066}.Debug|Any CPU.ActiveCfg = Debug|Any CPU
		{8FB017B5-76F1-464F-8C1E-E284EFFE6066}.Debug|Any CPU.Build.0 = Debug|Any CPU
		{8FB017B5-76F1-464F-8C1E-E284EFFE6066}.Release|Any CPU.ActiveCfg = Release|Any CPU
		{8FB017B5-76F1-464F-8C1E-E284EFFE6066}.Release|Any CPU.Build.0 = Release|Any CPU
	EndGlobalSection
	GlobalSection(SolutionProperties) = preSolution
		HideSolutionNode = FALSE
	EndGlobalSection
	GlobalSection(ExtensibilityGlobals) = postSolution
		SolutionGuid = {D517E729-1D0F-45FF-8A33-0D718A33D3E6}
	EndGlobalSection
EndGlobal
